// !$*UTF8*$!
{
	archiveVersion = 1;
	classes = {
	};
	objectVersion = 50;
	objects = {

/* Begin PBXBuildFile section */
		49D9429C24BFA0F9007F9890 /* AppDelegate.swift in Sources */ = {isa = PBXBuildFile; fileRef = 49D9429B24BFA0F9007F9890 /* AppDelegate.swift */; };
		49D9429E24BFA0F9007F9890 /* SceneDelegate.swift in Sources */ = {isa = PBXBuildFile; fileRef = 49D9429D24BFA0F9007F9890 /* SceneDelegate.swift */; };
		49D942A024BFA0F9007F9890 /* ViewController.swift in Sources */ = {isa = PBXBuildFile; fileRef = 49D9429F24BFA0F9007F9890 /* ViewController.swift */; };
		49D942A324BFA0F9007F9890 /* Main.storyboard in Resources */ = {isa = PBXBuildFile; fileRef = 49D942A124BFA0F9007F9890 /* Main.storyboard */; };
		49D942A524BFA0FB007F9890 /* Assets.xcassets in Resources */ = {isa = PBXBuildFile; fileRef = 49D942A424BFA0FB007F9890 /* Assets.xcassets */; };
		49D942A824BFA0FB007F9890 /* LaunchScreen.storyboard in Resources */ = {isa = PBXBuildFile; fileRef = 49D942A624BFA0FB007F9890 /* LaunchScreen.storyboard */; };
		49D942B324BFA0FB007F9890 /* Project39Tests.swift in Sources */ = {isa = PBXBuildFile; fileRef = 49D942B224BFA0FB007F9890 /* Project39Tests.swift */; };
		49D942BE24BFA0FB007F9890 /* Project39UITests.swift in Sources */ = {isa = PBXBuildFile; fileRef = 49D942BD24BFA0FB007F9890 /* Project39UITests.swift */; };
		49D942CC24BFA11B007F9890 /* plays.txt in Resources */ = {isa = PBXBuildFile; fileRef = 49D942CB24BFA11B007F9890 /* plays.txt */; };
		49D942CE24BFA188007F9890 /* PlayData.swift in Sources */ = {isa = PBXBuildFile; fileRef = 49D942CD24BFA188007F9890 /* PlayData.swift */; };
/* End PBXBuildFile section */

/* Begin PBXContainerItemProxy section */
		49D942AF24BFA0FB007F9890 /* PBXContainerItemProxy */ = {
			isa = PBXContainerItemProxy;
			containerPortal = 49D9429024BFA0F8007F9890 /* Project object */;
			proxyType = 1;
			remoteGlobalIDString = 49D9429724BFA0F8007F9890;
			remoteInfo = Project39;
		};
		49D942BA24BFA0FB007F9890 /* PBXContainerItemProxy */ = {
			isa = PBXContainerItemProxy;
			containerPortal = 49D9429024BFA0F8007F9890 /* Project object */;
			proxyType = 1;
			remoteGlobalIDString = 49D9429724BFA0F8007F9890;
			remoteInfo = Project39;
		};
/* End PBXContainerItemProxy section */

/* Begin PBXFileReference section */
		49D9429824BFA0F8007F9890 /* Project39.app */ = {isa = PBXFileReference; explicitFileType = wrapper.application; includeInIndex = 0; path = Project39.app; sourceTree = BUILT_PRODUCTS_DIR; };
		49D9429B24BFA0F9007F9890 /* AppDelegate.swift */ = {isa = PBXFileReference; lastKnownFileType = sourcecode.swift; path = AppDelegate.swift; sourceTree = "<group>"; };
		49D9429D24BFA0F9007F9890 /* SceneDelegate.swift */ = {isa = PBXFileReference; lastKnownFileType = sourcecode.swift; path = SceneDelegate.swift; sourceTree = "<group>"; };
		49D9429F24BFA0F9007F9890 /* ViewController.swift */ = {isa = PBXFileReference; lastKnownFileType = sourcecode.swift; path = ViewController.swift; sourceTree = "<group>"; };
		49D942A224BFA0F9007F9890 /* Base */ = {isa = PBXFileReference; lastKnownFileType = file.storyboard; name = Base; path = Base.lproj/Main.storyboard; sourceTree = "<group>"; };
		49D942A424BFA0FB007F9890 /* Assets.xcassets */ = {isa = PBXFileReference; lastKnownFileType = folder.assetcatalog; path = Assets.xcassets; sourceTree = "<group>"; };
		49D942A724BFA0FB007F9890 /* Base */ = {isa = PBXFileReference; lastKnownFileType = file.storyboard; name = Base; path = Base.lproj/LaunchScreen.storyboard; sourceTree = "<group>"; };
		49D942A924BFA0FB007F9890 /* Info.plist */ = {isa = PBXFileReference; lastKnownFileType = text.plist.xml; path = Info.plist; sourceTree = "<group>"; };
		49D942AE24BFA0FB007F9890 /* Project39Tests.xctest */ = {isa = PBXFileReference; explicitFileType = wrapper.cfbundle; includeInIndex = 0; path = Project39Tests.xctest; sourceTree = BUILT_PRODUCTS_DIR; };
		49D942B224BFA0FB007F9890 /* Project39Tests.swift */ = {isa = PBXFileReference; lastKnownFileType = sourcecode.swift; path = Project39Tests.swift; sourceTree = "<group>"; };
		49D942B424BFA0FB007F9890 /* Info.plist */ = {isa = PBXFileReference; lastKnownFileType = text.plist.xml; path = Info.plist; sourceTree = "<group>"; };
		49D942B924BFA0FB007F9890 /* Project39UITests.xctest */ = {isa = PBXFileReference; explicitFileType = wrapper.cfbundle; includeInIndex = 0; path = Project39UITests.xctest; sourceTree = BUILT_PRODUCTS_DIR; };
		49D942BD24BFA0FB007F9890 /* Project39UITests.swift */ = {isa = PBXFileReference; lastKnownFileType = sourcecode.swift; path = Project39UITests.swift; sourceTree = "<group>"; };
		49D942BF24BFA0FB007F9890 /* Info.plist */ = {isa = PBXFileReference; lastKnownFileType = text.plist.xml; path = Info.plist; sourceTree = "<group>"; };
		49D942CB24BFA11B007F9890 /* plays.txt */ = {isa = PBXFileReference; fileEncoding = 4; lastKnownFileType = text; path = plays.txt; sourceTree = "<group>"; };
		49D942CD24BFA188007F9890 /* PlayData.swift */ = {isa = PBXFileReference; lastKnownFileType = sourcecode.swift; path = PlayData.swift; sourceTree = "<group>"; };
/* End PBXFileReference section */

/* Begin PBXFrameworksBuildPhase section */
		49D9429524BFA0F8007F9890 /* Frameworks */ = {
			isa = PBXFrameworksBuildPhase;
			buildActionMask = 2147483647;
			files = (
			);
			runOnlyForDeploymentPostprocessing = 0;
		};
		49D942AB24BFA0FB007F9890 /* Frameworks */ = {
			isa = PBXFrameworksBuildPhase;
			buildActionMask = 2147483647;
			files = (
			);
			runOnlyForDeploymentPostprocessing = 0;
		};
		49D942B624BFA0FB007F9890 /* Frameworks */ = {
			isa = PBXFrameworksBuildPhase;
			buildActionMask = 2147483647;
			files = (
			);
			runOnlyForDeploymentPostprocessing = 0;
		};
/* End PBXFrameworksBuildPhase section */

/* Begin PBXGroup section */
		49D9428F24BFA0F8007F9890 = {
			isa = PBXGroup;
			children = (
				49D9429A24BFA0F9007F9890 /* Project39 */,
				49D942B124BFA0FB007F9890 /* Project39Tests */,
				49D942BC24BFA0FB007F9890 /* Project39UITests */,
				49D9429924BFA0F8007F9890 /* Products */,
			);
			sourceTree = "<group>";
		};
		49D9429924BFA0F8007F9890 /* Products */ = {
			isa = PBXGroup;
			children = (
				49D9429824BFA0F8007F9890 /* Project39.app */,
				49D942AE24BFA0FB007F9890 /* Project39Tests.xctest */,
				49D942B924BFA0FB007F9890 /* Project39UITests.xctest */,
			);
			name = Products;
			sourceTree = "<group>";
		};
		49D9429A24BFA0F9007F9890 /* Project39 */ = {
			isa = PBXGroup;
			children = (
				49D9429B24BFA0F9007F9890 /* AppDelegate.swift */,
				49D9429D24BFA0F9007F9890 /* SceneDelegate.swift */,
				49D9429F24BFA0F9007F9890 /* ViewController.swift */,
				49D942A124BFA0F9007F9890 /* Main.storyboard */,
				49D942A424BFA0FB007F9890 /* Assets.xcassets */,
				49D942A624BFA0FB007F9890 /* LaunchScreen.storyboard */,
				49D942A924BFA0FB007F9890 /* Info.plist */,
				49D942CD24BFA188007F9890 /* PlayData.swift */,
				49D942CB24BFA11B007F9890 /* plays.txt */,
			);
			path = Project39;
			sourceTree = "<group>";
		};
		49D942B124BFA0FB007F9890 /* Project39Tests */ = {
			isa = PBXGroup;
			children = (
				49D942B224BFA0FB007F9890 /* Project39Tests.swift */,
				49D942B424BFA0FB007F9890 /* Info.plist */,
			);
			path = Project39Tests;
			sourceTree = "<group>";
		};
		49D942BC24BFA0FB007F9890 /* Project39UITests */ = {
			isa = PBXGroup;
			children = (
				49D942BD24BFA0FB007F9890 /* Project39UITests.swift */,
				49D942BF24BFA0FB007F9890 /* Info.plist */,
			);
			path = Project39UITests;
			sourceTree = "<group>";
		};
/* End PBXGroup section */

/* Begin PBXNativeTarget section */
		49D9429724BFA0F8007F9890 /* Project39 */ = {
			isa = PBXNativeTarget;
			buildConfigurationList = 49D942C224BFA0FB007F9890 /* Build configuration list for PBXNativeTarget "Project39" */;
			buildPhases = (
				49D9429424BFA0F8007F9890 /* Sources */,
				49D9429524BFA0F8007F9890 /* Frameworks */,
				49D9429624BFA0F8007F9890 /* Resources */,
			);
			buildRules = (
			);
			dependencies = (
			);
			name = Project39;
			productName = Project39;
			productReference = 49D9429824BFA0F8007F9890 /* Project39.app */;
			productType = "com.apple.product-type.application";
		};
		49D942AD24BFA0FB007F9890 /* Project39Tests */ = {
			isa = PBXNativeTarget;
			buildConfigurationList = 49D942C524BFA0FB007F9890 /* Build configuration list for PBXNativeTarget "Project39Tests" */;
			buildPhases = (
				49D942AA24BFA0FB007F9890 /* Sources */,
				49D942AB24BFA0FB007F9890 /* Frameworks */,
				49D942AC24BFA0FB007F9890 /* Resources */,
			);
			buildRules = (
			);
			dependencies = (
				49D942B024BFA0FB007F9890 /* PBXTargetDependency */,
			);
			name = Project39Tests;
			productName = Project39Tests;
			productReference = 49D942AE24BFA0FB007F9890 /* Project39Tests.xctest */;
			productType = "com.apple.product-type.bundle.unit-test";
		};
		49D942B824BFA0FB007F9890 /* Project39UITests */ = {
			isa = PBXNativeTarget;
			buildConfigurationList = 49D942C824BFA0FB007F9890 /* Build configuration list for PBXNativeTarget "Project39UITests" */;
			buildPhases = (
				49D942B524BFA0FB007F9890 /* Sources */,
				49D942B624BFA0FB007F9890 /* Frameworks */,
				49D942B724BFA0FB007F9890 /* Resources */,
			);
			buildRules = (
			);
			dependencies = (
				49D942BB24BFA0FB007F9890 /* PBXTargetDependency */,
			);
			name = Project39UITests;
			productName = Project39UITests;
			productReference = 49D942B924BFA0FB007F9890 /* Project39UITests.xctest */;
			productType = "com.apple.product-type.bundle.ui-testing";
		};
/* End PBXNativeTarget section */

/* Begin PBXProject section */
		49D9429024BFA0F8007F9890 /* Project object */ = {
			isa = PBXProject;
			attributes = {
				LastSwiftUpdateCheck = 1150;
				LastUpgradeCheck = 1150;
				ORGANIZATIONNAME = J;
				TargetAttributes = {
					49D9429724BFA0F8007F9890 = {
						CreatedOnToolsVersion = 11.5;
					};
					49D942AD24BFA0FB007F9890 = {
						CreatedOnToolsVersion = 11.5;
						TestTargetID = 49D9429724BFA0F8007F9890;
					};
					49D942B824BFA0FB007F9890 = {
						CreatedOnToolsVersion = 11.5;
						TestTargetID = 49D9429724BFA0F8007F9890;
					};
				};
			};
			buildConfigurationList = 49D9429324BFA0F8007F9890 /* Build configuration list for PBXProject "Project39" */;
			compatibilityVersion = "Xcode 9.3";
			developmentRegion = en;
			hasScannedForEncodings = 0;
			knownRegions = (
				en,
				Base,
			);
			mainGroup = 49D9428F24BFA0F8007F9890;
			productRefGroup = 49D9429924BFA0F8007F9890 /* Products */;
			projectDirPath = "";
			projectRoot = "";
			targets = (
				49D9429724BFA0F8007F9890 /* Project39 */,
				49D942AD24BFA0FB007F9890 /* Project39Tests */,
				49D942B824BFA0FB007F9890 /* Project39UITests */,
			);
		};
/* End PBXProject section */

/* Begin PBXResourcesBuildPhase section */
		49D9429624BFA0F8007F9890 /* Resources */ = {
			isa = PBXResourcesBuildPhase;
			buildActionMask = 2147483647;
			files = (
				49D942CC24BFA11B007F9890 /* plays.txt in Resources */,
				49D942A824BFA0FB007F9890 /* LaunchScreen.storyboard in Resources */,
				49D942A524BFA0FB007F9890 /* Assets.xcassets in Resources */,
				49D942A324BFA0F9007F9890 /* Main.storyboard in Resources */,
			);
			runOnlyForDeploymentPostprocessing = 0;
		};
		49D942AC24BFA0FB007F9890 /* Resources */ = {
			isa = PBXResourcesBuildPhase;
			buildActionMask = 2147483647;
			files = (
			);
			runOnlyForDeploymentPostprocessing = 0;
		};
		49D942B724BFA0FB007F9890 /* Resources */ = {
			isa = PBXResourcesBuildPhase;
			buildActionMask = 2147483647;
			files = (
			);
			runOnlyForDeploymentPostprocessing = 0;
		};
/* End PBXResourcesBuildPhase section */

/* Begin PBXSourcesBuildPhase section */
		49D9429424BFA0F8007F9890 /* Sources */ = {
			isa = PBXSourcesBuildPhase;
			buildActionMask = 2147483647;
			files = (
				49D942A024BFA0F9007F9890 /* ViewController.swift in Sources */,
				49D942CE24BFA188007F9890 /* PlayData.swift in Sources */,
				49D9429C24BFA0F9007F9890 /* AppDelegate.swift in Sources */,
				49D9429E24BFA0F9007F9890 /* SceneDelegate.swift in Sources */,
			);
			runOnlyForDeploymentPostprocessing = 0;
		};
		49D942AA24BFA0FB007F9890 /* Sources */ = {
			isa = PBXSourcesBuildPhase;
			buildActionMask = 2147483647;
			files = (
				49D942B324BFA0FB007F9890 /* Project39Tests.swift in Sources */,
			);
			runOnlyForDeploymentPostprocessing = 0;
		};
		49D942B524BFA0FB007F9890 /* Sources */ = {
			isa = PBXSourcesBuildPhase;
			buildActionMask = 2147483647;
			files = (
				49D942BE24BFA0FB007F9890 /* Project39UITests.swift in Sources */,
			);
			runOnlyForDeploymentPostprocessing = 0;
		};
/* End PBXSourcesBuildPhase section */

/* Begin PBXTargetDependency section */
		49D942B024BFA0FB007F9890 /* PBXTargetDependency */ = {
			isa = PBXTargetDependency;
			target = 49D9429724BFA0F8007F9890 /* Project39 */;
			targetProxy = 49D942AF24BFA0FB007F9890 /* PBXContainerItemProxy */;
		};
		49D942BB24BFA0FB007F9890 /* PBXTargetDependency */ = {
			isa = PBXTargetDependency;
			target = 49D9429724BFA0F8007F9890 /* Project39 */;
			targetProxy = 49D942BA24BFA0FB007F9890 /* PBXContainerItemProxy */;
		};
/* End PBXTargetDependency section */

/* Begin PBXVariantGroup section */
		49D942A124BFA0F9007F9890 /* Main.storyboard */ = {
			isa = PBXVariantGroup;
			children = (
				49D942A224BFA0F9007F9890 /* Base */,
			);
			name = Main.storyboard;
			sourceTree = "<group>";
		};
		49D942A624BFA0FB007F9890 /* LaunchScreen.storyboard */ = {
			isa = PBXVariantGroup;
			children = (
				49D942A724BFA0FB007F9890 /* Base */,
			);
			name = LaunchScreen.storyboard;
			sourceTree = "<group>";
		};
/* End PBXVariantGroup section */

/* Begin XCBuildConfiguration section */
		49D942C024BFA0FB007F9890 /* Debug */ = {
			isa = XCBuildConfiguration;
			buildSettings = {
				ALWAYS_SEARCH_USER_PATHS = NO;
				CLANG_ANALYZER_NONNULL = YES;
				CLANG_ANALYZER_NUMBER_OBJECT_CONVERSION = YES_AGGRESSIVE;
				CLANG_CXX_LANGUAGE_STANDARD = "gnu++14";
				CLANG_CXX_LIBRARY = "libc++";
				CLANG_ENABLE_MODULES = YES;
				CLANG_ENABLE_OBJC_ARC = YES;
				CLANG_ENABLE_OBJC_WEAK = YES;
				CLANG_WARN_BLOCK_CAPTURE_AUTORELEASING = YES;
				CLANG_WARN_BOOL_CONVERSION = YES;
				CLANG_WARN_COMMA = YES;
				CLANG_WARN_CONSTANT_CONVERSION = YES;
				CLANG_WARN_DEPRECATED_OBJC_IMPLEMENTATIONS = YES;
				CLANG_WARN_DIRECT_OBJC_ISA_USAGE = YES_ERROR;
				CLANG_WARN_DOCUMENTATION_COMMENTS = YES;
				CLANG_WARN_EMPTY_BODY = YES;
				CLANG_WARN_ENUM_CONVERSION = YES;
				CLANG_WARN_INFINITE_RECURSION = YES;
				CLANG_WARN_INT_CONVERSION = YES;
				CLANG_WARN_NON_LITERAL_NULL_CONVERSION = YES;
				CLANG_WARN_OBJC_IMPLICIT_RETAIN_SELF = YES;
				CLANG_WARN_OBJC_LITERAL_CONVERSION = YES;
				CLANG_WARN_OBJC_ROOT_CLASS = YES_ERROR;
				CLANG_WARN_RANGE_LOOP_ANALYSIS = YES;
				CLANG_WARN_STRICT_PROTOTYPES = YES;
				CLANG_WARN_SUSPICIOUS_MOVE = YES;
				CLANG_WARN_UNGUARDED_AVAILABILITY = YES_AGGRESSIVE;
				CLANG_WARN_UNREACHABLE_CODE = YES;
				CLANG_WARN__DUPLICATE_METHOD_MATCH = YES;
				COPY_PHASE_STRIP = NO;
				DEBUG_INFORMATION_FORMAT = dwarf;
				ENABLE_STRICT_OBJC_MSGSEND = YES;
				ENABLE_TESTABILITY = YES;
				GCC_C_LANGUAGE_STANDARD = gnu11;
				GCC_DYNAMIC_NO_PIC = NO;
				GCC_NO_COMMON_BLOCKS = YES;
				GCC_OPTIMIZATION_LEVEL = 0;
				GCC_PREPROCESSOR_DEFINITIONS = (
					"DEBUG=1",
					"$(inherited)",
				);
				GCC_WARN_64_TO_32_BIT_CONVERSION = YES;
				GCC_WARN_ABOUT_RETURN_TYPE = YES_ERROR;
				GCC_WARN_UNDECLARED_SELECTOR = YES;
				GCC_WARN_UNINITIALIZED_AUTOS = YES_AGGRESSIVE;
				GCC_WARN_UNUSED_FUNCTION = YES;
				GCC_WARN_UNUSED_VARIABLE = YES;
				IPHONEOS_DEPLOYMENT_TARGET = 13.5;
				MTL_ENABLE_DEBUG_INFO = INCLUDE_SOURCE;
				MTL_FAST_MATH = YES;
				ONLY_ACTIVE_ARCH = YES;
				SDKROOT = iphoneos;
				SWIFT_ACTIVE_COMPILATION_CONDITIONS = DEBUG;
				SWIFT_OPTIMIZATION_LEVEL = "-Onone";
			};
			name = Debug;
		};
		49D942C124BFA0FB007F9890 /* Release */ = {
			isa = XCBuildConfiguration;
			buildSettings = {
				ALWAYS_SEARCH_USER_PATHS = NO;
				CLANG_ANALYZER_NONNULL = YES;
				CLANG_ANALYZER_NUMBER_OBJECT_CONVERSION = YES_AGGRESSIVE;
				CLANG_CXX_LANGUAGE_STANDARD = "gnu++14";
				CLANG_CXX_LIBRARY = "libc++";
				CLANG_ENABLE_MODULES = YES;
				CLANG_ENABLE_OBJC_ARC = YES;
				CLANG_ENABLE_OBJC_WEAK = YES;
				CLANG_WARN_BLOCK_CAPTURE_AUTORELEASING = YES;
				CLANG_WARN_BOOL_CONVERSION = YES;
				CLANG_WARN_COMMA = YES;
				CLANG_WARN_CONSTANT_CONVERSION = YES;
				CLANG_WARN_DEPRECATED_OBJC_IMPLEMENTATIONS = YES;
				CLANG_WARN_DIRECT_OBJC_ISA_USAGE = YES_ERROR;
				CLANG_WARN_DOCUMENTATION_COMMENTS = YES;
				CLANG_WARN_EMPTY_BODY = YES;
				CLANG_WARN_ENUM_CONVERSION = YES;
				CLANG_WARN_INFINITE_RECURSION = YES;
				CLANG_WARN_INT_CONVERSION = YES;
				CLANG_WARN_NON_LITERAL_NULL_CONVERSION = YES;
				CLANG_WARN_OBJC_IMPLICIT_RETAIN_SELF = YES;
				CLANG_WARN_OBJC_LITERAL_CONVERSION = YES;
				CLANG_WARN_OBJC_ROOT_CLASS = YES_ERROR;
				CLANG_WARN_RANGE_LOOP_ANALYSIS = YES;
				CLANG_WARN_STRICT_PROTOTYPES = YES;
				CLANG_WARN_SUSPICIOUS_MOVE = YES;
				CLANG_WARN_UNGUARDED_AVAILABILITY = YES_AGGRESSIVE;
				CLANG_WARN_UNREACHABLE_CODE = YES;
				CLANG_WARN__DUPLICATE_METHOD_MATCH = YES;
				COPY_PHASE_STRIP = NO;
				DEBUG_INFORMATION_FORMAT = "dwarf-with-dsym";
				ENABLE_NS_ASSERTIONS = NO;
				ENABLE_STRICT_OBJC_MSGSEND = YES;
				GCC_C_LANGUAGE_STANDARD = gnu11;
				GCC_NO_COMMON_BLOCKS = YES;
				GCC_WARN_64_TO_32_BIT_CONVERSION = YES;
				GCC_WARN_ABOUT_RETURN_TYPE = YES_ERROR;
				GCC_WARN_UNDECLARED_SELECTOR = YES;
				GCC_WARN_UNINITIALIZED_AUTOS = YES_AGGRESSIVE;
				GCC_WARN_UNUSED_FUNCTION = YES;
				GCC_WARN_UNUSED_VARIABLE = YES;
				IPHONEOS_DEPLOYMENT_TARGET = 13.5;
				MTL_ENABLE_DEBUG_INFO = NO;
				MTL_FAST_MATH = YES;
				SDKROOT = iphoneos;
				SWIFT_COMPILATION_MODE = wholemodule;
				SWIFT_OPTIMIZATION_LEVEL = "-O";
				VALIDATE_PRODUCT = YES;
			};
			name = Release;
		};
		49D942C324BFA0FB007F9890 /* Debug */ = {
			isa = XCBuildConfiguration;
			buildSettings = {
				ASSETCATALOG_COMPILER_APPICON_NAME = AppIcon;
				CODE_SIGN_STYLE = Automatic;
				DEVELOPMENT_TEAM = 2RH2V33K5A;
				INFOPLIST_FILE = Project39/Info.plist;
				LD_RUNPATH_SEARCH_PATHS = (
					"$(inherited)",
					"@executable_path/Frameworks",
				);
				PRODUCT_BUNDLE_IDENTIFIER = com.noName.Project39;
				PRODUCT_NAME = "$(TARGET_NAME)";
				SWIFT_VERSION = 5.0;
				TARGETED_DEVICE_FAMILY = "1,2";
			};
			name = Debug;
		};
		49D942C424BFA0FB007F9890 /* Release */ = {
			isa = XCBuildConfiguration;
			buildSettings = {
				ASSETCATALOG_COMPILER_APPICON_NAME = AppIcon;
				CODE_SIGN_STYLE = Automatic;
				DEVELOPMENT_TEAM = 2RH2V33K5A;
				INFOPLIST_FILE = Project39/Info.plist;
				LD_RUNPATH_SEARCH_PATHS = (
					"$(inherited)",
					"@executable_path/Frameworks",
				);
				PRODUCT_BUNDLE_IDENTIFIER = com.noName.Project39;
				PRODUCT_NAME = "$(TARGET_NAME)";
				SWIFT_VERSION = 5.0;
				TARGETED_DEVICE_FAMILY = "1,2";
			};
			name = Release;
		};
		49D942C624BFA0FB007F9890 /* Debug */ = {
			isa = XCBuildConfiguration;
			buildSettings = {
				ALWAYS_EMBED_SWIFT_STANDARD_LIBRARIES = YES;
				BUNDLE_LOADER = "$(TEST_HOST)";
				CODE_SIGN_STYLE = Automatic;
				DEVELOPMENT_TEAM = 2RH2V33K5A;
				INFOPLIST_FILE = Project39Tests/Info.plist;
				IPHONEOS_DEPLOYMENT_TARGET = 13.5;
				LD_RUNPATH_SEARCH_PATHS = (
					"$(inherited)",
					"@executable_path/Frameworks",
					"@loader_path/Frameworks",
				);
				PRODUCT_BUNDLE_IDENTIFIER = com.noName.Project39Tests;
				PRODUCT_NAME = "$(TARGET_NAME)";
				SWIFT_VERSION = 5.0;
				TARGETED_DEVICE_FAMILY = "1,2";
				TEST_HOST = "$(BUILT_PRODUCTS_DIR)/Project39.app/Project39";
			};
			name = Debug;
		};
		49D942C724BFA0FB007F9890 /* Release */ = {
			isa = XCBuildConfiguration;
			buildSettings = {
				ALWAYS_EMBED_SWIFT_STANDARD_LIBRARIES = YES;
				BUNDLE_LOADER = "$(TEST_HOST)";
				CODE_SIGN_STYLE = Automatic;
				DEVELOPMENT_TEAM = 2RH2V33K5A;
				INFOPLIST_FILE = Project39Tests/Info.plist;
				IPHONEOS_DEPLOYMENT_TARGET = 13.5;
				LD_RUNPATH_SEARCH_PATHS = (
					"$(inherited)",
					"@executable_path/Frameworks",
					"@loader_path/Frameworks",
				);
				PRODUCT_BUNDLE_IDENTIFIER = com.noName.Project39Tests;
				PRODUCT_NAME = "$(TARGET_NAME)";
				SWIFT_VERSION = 5.0;
				TARGETED_DEVICE_FAMILY = "1,2";
				TEST_HOST = "$(BUILT_PRODUCTS_DIR)/Project39.app/Project39";
			};
			name = Release;
		};
		49D942C924BFA0FB007F9890 /* Debug */ = {
			isa = XCBuildConfiguration;
			buildSettings = {
				ALWAYS_EMBED_SWIFT_STANDARD_LIBRARIES = YES;
				CODE_SIGN_STYLE = Automatic;
				DEVELOPMENT_TEAM = 2RH2V33K5A;
				INFOPLIST_FILE = Project39UITests/Info.plist;
				LD_RUNPATH_SEARCH_PATHS = (
					"$(inherited)",
					"@executable_path/Frameworks",
					"@loader_path/Frameworks",
				);
				PRODUCT_BUNDLE_IDENTIFIER = com.noName.Project39UITests;
				PRODUCT_NAME = "$(TARGET_NAME)";
				SWIFT_VERSION = 5.0;
				TARGETED_DEVICE_FAMILY = "1,2";
				TEST_TARGET_NAME = Project39;
			};
			name = Debug;
		};
		49D942CA24BFA0FB007F9890 /* Release */ = {
			isa = XCBuildConfiguration;
			buildSettings = {
				ALWAYS_EMBED_SWIFT_STANDARD_LIBRARIES = YES;
				CODE_SIGN_STYLE = Automatic;
				DEVELOPMENT_TEAM = 2RH2V33K5A;
				INFOPLIST_FILE = Project39UITests/Info.plist;
				LD_RUNPATH_SEARCH_PATHS = (
					"$(inherited)",
					"@executable_path/Frameworks",
					"@loader_path/Frameworks",
				);
				PRODUCT_BUNDLE_IDENTIFIER = com.noName.Project39UITests;
				PRODUCT_NAME = "$(TARGET_NAME)";
				SWIFT_VERSION = 5.0;
				TARGETED_DEVICE_FAMILY = "1,2";
				TEST_TARGET_NAME = Project39;
			};
			name = Release;
		};
/* End XCBuildConfiguration section */

/* Begin XCConfigurationList section */
		49D9429324BFA0F8007F9890 /* Build configuration list for PBXProject "Project39" */ = {
			isa = XCConfigurationList;
			buildConfigurations = (
				49D942C024BFA0FB007F9890 /* Debug */,
				49D942C124BFA0FB007F9890 /* Release */,
			);
			defaultConfigurationIsVisible = 0;
			defaultConfigurationName = Release;
		};
		49D942C224BFA0FB007F9890 /* Build configuration list for PBXNativeTarget "Project39" */ = {
			isa = XCConfigurationList;
			buildConfigurations = (
				49D942C324BFA0FB007F9890 /* Debug */,
				49D942C424BFA0FB007F9890 /* Release */,
			);
			defaultConfigurationIsVisible = 0;
			defaultConfigurationName = Release;
		};
		49D942C524BFA0FB007F9890 /* Build configuration list for PBXNativeTarget "Project39Tests" */ = {
			isa = XCConfigurationList;
			buildConfigurations = (
				49D942C624BFA0FB007F9890 /* Debug */,
				49D942C724BFA0FB007F9890 /* Release */,
			);
			defaultConfigurationIsVisible = 0;
			defaultConfigurationName = Release;
		};
		49D942C824BFA0FB007F9890 /* Build configuration list for PBXNativeTarget "Project39UITests" */ = {
			isa = XCConfigurationList;
			buildConfigurations = (
				49D942C924BFA0FB007F9890 /* Debug */,
				49D942CA24BFA0FB007F9890 /* Release */,
			);
			defaultConfigurationIsVisible = 0;
			defaultConfigurationName = Release;
		};
/* End XCConfigurationList section */
	};
	rootObject = 49D9429024BFA0F8007F9890 /* Project object */;
}
